
Microsoft Visual Studio Solution File, Format Version 12.00
# Visual Studio Version 17
VisualStudioVersion = 17.4.33103.184
MinimumVisualStudioVersion = 10.0.40219.1
Project("{9A19103F-16F7-4668-BE54-9A1E7A4F7556}") = "GameHub", "JogoDaVelha\GameHub.csproj", "{6C1B7218-9F19-404C-ABD9-5451816CAA40}"
EndProject
Global
	GlobalSection(SolutionConfigurationPlatforms) = preSolution
		Debug|Any CPU = Debug|Any CPU
		Release|Any CPU = Release|Any CPU
	EndGlobalSection
	GlobalSection(ProjectConfigurationPlatforms) = postSolution
		{6C1B7218-9F19-404C-ABD9-5451816CAA40}.Debug|Any CPU.ActiveCfg = Debug|Any CPU
		{6C1B7218-9F19-404C-ABD9-5451816CAA40}.Debug|Any CPU.Build.0 = Debug|Any CPU
		{6C1B7218-9F19-404C-ABD9-5451816CAA40}.Release|Any CPU.ActiveCfg = Release|Any CPU
		{6C1B7218-9F19-404C-ABD9-5451816CAA40}.Release|Any CPU.Build.0 = Release|Any CPU
	EndGlobalSection
	GlobalSection(SolutionProperties) = preSolution
		HideSolutionNode = FALSE
	EndGlobalSection
	GlobalSection(ExtensibilityGlobals) = postSolution
		SolutionGuid = {BD713856-9613-4B6C-814B-AC6BFF77BC6E}
	EndGlobalSection
EndGlobal
